
Microsoft Visual Studio Solution File, Format Version 12.00
# Visual Studio 15
VisualStudioVersion = 15.0.28010.2003
MinimumVisualStudioVersion = 10.0.40219.1
Project("{FAE04EC0-301F-11D3-BF4B-00C04F79EFBC}") = "DrinkingFriend.Android", "DrinkingFriend\DrinkingFriend.Android\DrinkingFriend.Android.csproj", "{ADEED3BA-73B2-4469-BC03-70EC0EA30120}"
EndProject
Project("{FAE04EC0-301F-11D3-BF4B-00C04F79EFBC}") = "DrinkingFriend.iOS", "DrinkingFriend\DrinkingFriend.iOS\DrinkingFriend.iOS.csproj", "{486AA647-AF5B-4FD0-B0A4-0E589B4C8E00}"
EndProject
Project("{FAE04EC0-301F-11D3-BF4B-00C04F79EFBC}") = "DrinkingFriend", "DrinkingFriend\DrinkingFriend\DrinkingFriend.csproj", "{88671041-28CA-4692-845C-EA9BF217E2BF}"
EndProject
Global
	GlobalSection(SolutionConfigurationPlatforms) = preSolution
		Ad-Hoc|Any CPU = Ad-Hoc|Any CPU
		Ad-Hoc|iPhone = Ad-Hoc|iPhone
		Ad-Hoc|iPhoneSimulator = Ad-Hoc|iPhoneSimulator
		AppStore|Any CPU = AppStore|Any CPU
		AppStore|iPhone = AppStore|iPhone
		AppStore|iPhoneSimulator = AppStore|iPhoneSimulator
		Debug|Any CPU = Debug|Any CPU
		Debug|iPhone = Debug|iPhone
		Debug|iPhoneSimulator = Debug|iPhoneSimulator
		Release|Any CPU = Release|Any CPU
		Release|iPhone = Release|iPhone
		Release|iPhoneSimulator = Release|iPhoneSimulator
	EndGlobalSection
	GlobalSection(ProjectConfigurationPlatforms) = postSolution
		{ADEED3BA-73B2-4469-BC03-70EC0EA30120}.Ad-Hoc|Any CPU.ActiveCfg = Release|Any CPU
		{ADEED3BA-73B2-4469-BC03-70EC0EA30120}.Ad-Hoc|Any CPU.Build.0 = Release|Any CPU
		{ADEED3BA-73B2-4469-BC03-70EC0EA30120}.Ad-Hoc|Any CPU.Deploy.0 = Release|Any CPU
		{ADEED3BA-73B2-4469-BC03-70EC0EA30120}.Ad-Hoc|iPhone.ActiveCfg = Release|Any CPU
		{ADEED3BA-73B2-4469-BC03-70EC0EA30120}.Ad-Hoc|iPhone.Build.0 = Release|Any CPU
		{ADEED3BA-73B2-4469-BC03-70EC0EA30120}.Ad-Hoc|iPhone.Deploy.0 = Release|Any CPU
		{ADEED3BA-73B2-4469-BC03-70EC0EA30120}.Ad-Hoc|iPhoneSimulator.ActiveCfg = Release|Any CPU
		{ADEED3BA-73B2-4469-BC03-70EC0EA30120}.Ad-Hoc|iPhoneSimulator.Build.0 = Release|Any CPU
		{ADEED3BA-73B2-4469-BC03-70EC0EA30120}.Ad-Hoc|iPhoneSimulator.Deploy.0 = Release|Any CPU
		{ADEED3BA-73B2-4469-BC03-70EC0EA30120}.AppStore|Any CPU.ActiveCfg = Release|Any CPU
		{ADEED3BA-73B2-4469-BC03-70EC0EA30120}.AppStore|Any CPU.Build.0 = Release|Any CPU
		{ADEED3BA-73B2-4469-BC03-70EC0EA30120}.AppStore|Any CPU.Deploy.0 = Release|Any CPU
		{ADEED3BA-73B2-4469-BC03-70EC0EA30120}.AppStore|iPhone.ActiveCfg = Release|Any CPU
		{ADEED3BA-73B2-4469-BC03-70EC0EA30120}.AppStore|iPhone.Build.0 = Release|Any CPU
		{ADEED3BA-73B2-4469-BC03-70EC0EA30120}.AppStore|iPhone.Deploy.0 = Release|Any CPU
		{ADEED3BA-73B2-4469-BC03-70EC0EA30120}.AppStore|iPhoneSimulator.ActiveCfg = Release|Any CPU
		{ADEED3BA-73B2-4469-BC03-70EC0EA30120}.AppStore|iPhoneSimulator.Build.0 = Release|Any CPU
		{ADEED3BA-73B2-4469-BC03-70EC0EA30120}.AppStore|iPhoneSimulator.Deploy.0 = Release|Any CPU
		{ADEED3BA-73B2-4469-BC03-70EC0EA30120}.Debug|Any CPU.ActiveCfg = Debug|Any CPU
		{ADEED3BA-73B2-4469-BC03-70EC0EA30120}.Debug|Any CPU.Build.0 = Debug|Any CPU
		{ADEED3BA-73B2-4469-BC03-70EC0EA30120}.Debug|Any CPU.Deploy.0 = Debug|Any CPU
		{ADEED3BA-73B2-4469-BC03-70EC0EA30120}.Debug|iPhone.ActiveCfg = Debug|Any CPU
		{ADEED3BA-73B2-4469-BC03-70EC0EA30120}.Debug|iPhone.Build.0 = Debug|Any CPU
		{ADEED3BA-73B2-4469-BC03-70EC0EA30120}.Debug|iPhone.Deploy.0 = Debug|Any CPU
		{ADEED3BA-73B2-4469-BC03-70EC0EA30120}.Debug|iPhoneSimulator.ActiveCfg = Debug|Any CPU
		{ADEED3BA-73B2-4469-BC03-70EC0EA30120}.Debug|iPhoneSimulator.Build.0 = Debug|Any CPU
		{ADEED3BA-73B2-4469-BC03-70EC0EA30120}.Debug|iPhoneSimulator.Deploy.0 = Debug|Any CPU
		{ADEED3BA-73B2-4469-BC03-70EC0EA30120}.Release|Any CPU.ActiveCfg = Release|Any CPU
		{ADEED3BA-73B2-4469-BC03-70EC0EA30120}.Release|Any CPU.Build.0 = Release|Any CPU
		{ADEED3BA-73B2-4469-BC03-70EC0EA30120}.Release|Any CPU.Deploy.0 = Release|Any CPU
		{ADEED3BA-73B2-4469-BC03-70EC0EA30120}.Release|iPhone.ActiveCfg = Release|Any CPU
		{ADEED3BA-73B2-4469-BC03-70EC0EA30120}.Release|iPhone.Build.0 = Release|Any CPU
		{ADEED3BA-73B2-4469-BC03-70EC0EA30120}.Release|iPhone.Deploy.0 = Release|Any CPU
		{ADEED3BA-73B2-4469-BC03-70EC0EA30120}.Release|iPhoneSimulator.ActiveCfg = Release|Any CPU
		{ADEED3BA-73B2-4469-BC03-70EC0EA30120}.Release|iPhoneSimulator.Build.0 = Release|Any CPU
		{ADEED3BA-73B2-4469-BC03-70EC0EA30120}.Release|iPhoneSimulator.Deploy.0 = Release|Any CPU
		{486AA647-AF5B-4FD0-B0A4-0E589B4C8E00}.Ad-Hoc|Any CPU.ActiveCfg = Ad-Hoc|iPhone
		{486AA647-AF5B-4FD0-B0A4-0E589B4C8E00}.Ad-Hoc|Any CPU.Build.0 = Ad-Hoc|iPhone
		{486AA647-AF5B-4FD0-B0A4-0E589B4C8E00}.Ad-Hoc|Any CPU.Deploy.0 = Ad-Hoc|iPhone
		{486AA647-AF5B-4FD0-B0A4-0E589B4C8E00}.Ad-Hoc|iPhone.ActiveCfg = Ad-Hoc|iPhone
		{486AA647-AF5B-4FD0-B0A4-0E589B4C8E00}.Ad-Hoc|iPhone.Build.0 = Ad-Hoc|iPhone
		{486AA647-AF5B-4FD0-B0A4-0E589B4C8E00}.Ad-Hoc|iPhone.Deploy.0 = Ad-Hoc|iPhone
		{486AA647-AF5B-4FD0-B0A4-0E589B4C8E00}.Ad-Hoc|iPhoneSimulator.ActiveCfg = Ad-Hoc|iPhoneSimulator
		{486AA647-AF5B-4FD0-B0A4-0E589B4C8E00}.Ad-Hoc|iPhoneSimulator.Build.0 = Ad-Hoc|iPhoneSimulator
		{486AA647-AF5B-4FD0-B0A4-0E589B4C8E00}.Ad-Hoc|iPhoneSimulator.Deploy.0 = Ad-Hoc|iPhoneSimulator
		{486AA647-AF5B-4FD0-B0A4-0E589B4C8E00}.AppStore|Any CPU.ActiveCfg = AppStore|iPhone
		{486AA647-AF5B-4FD0-B0A4-0E589B4C8E00}.AppStore|Any CPU.Build.0 = AppStore|iPhone
		{486AA647-AF5B-4FD0-B0A4-0E589B4C8E00}.AppStore|Any CPU.Deploy.0 = AppStore|iPhone
		{486AA647-AF5B-4FD0-B0A4-0E589B4C8E00}.AppStore|iPhone.ActiveCfg = AppStore|iPhone
		{486AA647-AF5B-4FD0-B0A4-0E589B4C8E00}.AppStore|iPhone.Build.0 = AppStore|iPhone
		{486AA647-AF5B-4FD0-B0A4-0E589B4C8E00}.AppStore|iPhone.Deploy.0 = AppStore|iPhone
		{486AA647-AF5B-4FD0-B0A4-0E589B4C8E00}.AppStore|iPhoneSimulator.ActiveCfg = AppStore|iPhoneSimulator
		{486AA647-AF5B-4FD0-B0A4-0E589B4C8E00}.AppStore|iPhoneSimulator.Build.0 = AppStore|iPhoneSimulator
		{486AA647-AF5B-4FD0-B0A4-0E589B4C8E00}.AppStore|iPhoneSimulator.Deploy.0 = AppStore|iPhoneSimulator
		{486AA647-AF5B-4FD0-B0A4-0E589B4C8E00}.Debug|Any CPU.ActiveCfg = Debug|iPhoneSimulator
		{486AA647-AF5B-4FD0-B0A4-0E589B4C8E00}.Debug|Any CPU.Build.0 = Debug|iPhoneSimulator
		{486AA647-AF5B-4FD0-B0A4-0E589B4C8E00}.Debug|Any CPU.Deploy.0 = Debug|iPhoneSimulator
		{486AA647-AF5B-4FD0-B0A4-0E589B4C8E00}.Debug|iPhone.ActiveCfg = Debug|iPhone
		{486AA647-AF5B-4FD0-B0A4-0E589B4C8E00}.Debug|iPhone.Build.0 = Debug|iPhone
		{486AA647-AF5B-4FD0-B0A4-0E589B4C8E00}.Debug|iPhone.Deploy.0 = Debug|iPhone
		{486AA647-AF5B-4FD0-B0A4-0E589B4C8E00}.Debug|iPhoneSimulator.ActiveCfg = Debug|iPhoneSimulator
		{486AA647-AF5B-4FD0-B0A4-0E589B4C8E00}.Debug|iPhoneSimulator.Build.0 = Debug|iPhoneSimulator
		{486AA647-AF5B-4FD0-B0A4-0E589B4C8E00}.Debug|iPhoneSimulator.Deploy.0 = Debug|iPhoneSimulator
		{486AA647-AF5B-4FD0-B0A4-0E589B4C8E00}.Release|Any CPU.ActiveCfg = Release|iPhone
		{486AA647-AF5B-4FD0-B0A4-0E589B4C8E00}.Release|Any CPU.Build.0 = Release|iPhone
		{486AA647-AF5B-4FD0-B0A4-0E589B4C8E00}.Release|Any CPU.Deploy.0 = Release|iPhone
		{486AA647-AF5B-4FD0-B0A4-0E589B4C8E00}.Release|iPhone.ActiveCfg = Release|iPhone
		{486AA647-AF5B-4FD0-B0A4-0E589B4C8E00}.Release|iPhone.Build.0 = Release|iPhone
		{486AA647-AF5B-4FD0-B0A4-0E589B4C8E00}.Release|iPhone.Deploy.0 = Release|iPhone
		{486AA647-AF5B-4FD0-B0A4-0E589B4C8E00}.Release|iPhoneSimulator.ActiveCfg = Release|iPhoneSimulator
		{486AA647-AF5B-4FD0-B0A4-0E589B4C8E00}.Release|iPhoneSimulator.Build.0 = Release|iPhoneSimulator
		{486AA647-AF5B-4FD0-B0A4-0E589B4C8E00}.Release|iPhoneSimulator.Deploy.0 = Release|iPhoneSimulator
		{88671041-28CA-4692-845C-EA9BF217E2BF}.Ad-Hoc|Any CPU.ActiveCfg = Debug|Any CPU
		{88671041-28CA-4692-845C-EA9BF217E2BF}.Ad-Hoc|Any CPU.Build.0 = Debug|Any CPU
		{88671041-28CA-4692-845C-EA9BF217E2BF}.Ad-Hoc|Any CPU.Deploy.0 = Debug|Any CPU
		{88671041-28CA-4692-845C-EA9BF217E2BF}.Ad-Hoc|iPhone.ActiveCfg = Debug|Any CPU
		{88671041-28CA-4692-845C-EA9BF217E2BF}.Ad-Hoc|iPhone.Build.0 = Debug|Any CPU
		{88671041-28CA-4692-845C-EA9BF217E2BF}.Ad-Hoc|iPhone.Deploy.0 = Debug|Any CPU
		{88671041-28CA-4692-845C-EA9BF217E2BF}.Ad-Hoc|iPhoneSimulator.ActiveCfg = Debug|Any CPU
		{88671041-28CA-4692-845C-EA9BF217E2BF}.Ad-Hoc|iPhoneSimulator.Build.0 = Debug|Any CPU
		{88671041-28CA-4692-845C-EA9BF217E2BF}.Ad-Hoc|iPhoneSimulator.Deploy.0 = Debug|Any CPU
		{88671041-28CA-4692-845C-EA9BF217E2BF}.AppStore|Any CPU.ActiveCfg = Debug|Any CPU
		{88671041-28CA-4692-845C-EA9BF217E2BF}.AppStore|Any CPU.Build.0 = Debug|Any CPU
		{88671041-28CA-4692-845C-EA9BF217E2BF}.AppStore|Any CPU.Deploy.0 = Debug|Any CPU
		{88671041-28CA-4692-845C-EA9BF217E2BF}.AppStore|iPhone.ActiveCfg = Debug|Any CPU
		{88671041-28CA-4692-845C-EA9BF217E2BF}.AppStore|iPhone.Build.0 = Debug|Any CPU
		{88671041-28CA-4692-845C-EA9BF217E2BF}.AppStore|iPhone.Deploy.0 = Debug|Any CPU
		{88671041-28CA-4692-845C-EA9BF217E2BF}.AppStore|iPhoneSimulator.ActiveCfg = Debug|Any CPU
		{88671041-28CA-4692-845C-EA9BF217E2BF}.AppStore|iPhoneSimulator.Build.0 = Debug|Any CPU
		{88671041-28CA-4692-845C-EA9BF217E2BF}.AppStore|iPhoneSimulator.Deploy.0 = Debug|Any CPU
		{88671041-28CA-4692-845C-EA9BF217E2BF}.Debug|Any CPU.ActiveCfg = Debug|Any CPU
		{88671041-28CA-4692-845C-EA9BF217E2BF}.Debug|Any CPU.Build.0 = Debug|Any CPU
		{88671041-28CA-4692-845C-EA9BF217E2BF}.Debug|Any CPU.Deploy.0 = Debug|Any CPU
		{88671041-28CA-4692-845C-EA9BF217E2BF}.Debug|iPhone.ActiveCfg = Debug|Any CPU
		{88671041-28CA-4692-845C-EA9BF217E2BF}.Debug|iPhone.Build.0 = Debug|Any CPU
		{88671041-28CA-4692-845C-EA9BF217E2BF}.Debug|iPhone.Deploy.0 = Debug|Any CPU
		{88671041-28CA-4692-845C-EA9BF217E2BF}.Debug|iPhoneSimulator.ActiveCfg = Debug|Any CPU
		{88671041-28CA-4692-845C-EA9BF217E2BF}.Debug|iPhoneSimulator.Build.0 = Debug|Any CPU
		{88671041-28CA-4692-845C-EA9BF217E2BF}.Debug|iPhoneSimulator.Deploy.0 = Debug|Any CPU
		{88671041-28CA-4692-845C-EA9BF217E2BF}.Release|Any CPU.ActiveCfg = Release|Any CPU
		{88671041-28CA-4692-845C-EA9BF217E2BF}.Release|Any CPU.Build.0 = Release|Any CPU
		{88671041-28CA-4692-845C-EA9BF217E2BF}.Release|Any CPU.Deploy.0 = Release|Any CPU
		{88671041-28CA-4692-845C-EA9BF217E2BF}.Release|iPhone.ActiveCfg = Release|Any CPU
		{88671041-28CA-4692-845C-EA9BF217E2BF}.Release|iPhone.Build.0 = Release|Any CPU
		{88671041-28CA-4692-845C-EA9BF217E2BF}.Release|iPhone.Deploy.0 = Release|Any CPU
		{88671041-28CA-4692-845C-EA9BF217E2BF}.Release|iPhoneSimulator.ActiveCfg = Release|Any CPU
		{88671041-28CA-4692-845C-EA9BF217E2BF}.Release|iPhoneSimulator.Build.0 = Release|Any CPU
		{88671041-28CA-4692-845C-EA9BF217E2BF}.Release|iPhoneSimulator.Deploy.0 = Release|Any CPU
	EndGlobalSection
	GlobalSection(SolutionProperties) = preSolution
		HideSolutionNode = FALSE
	EndGlobalSection
	GlobalSection(ExtensibilityGlobals) = postSolution
		SolutionGuid = {68A3FC4C-CBAE-4BA9-B220-F32AD1435E37}
	EndGlobalSection
EndGlobal
